
Microsoft Visual Studio Solution File, Format Version 12.00
# Visual Studio Version 17
VisualStudioVersion = 17.11.35327.3
MinimumVisualStudioVersion = 10.0.40219.1
Project("{9A19103F-16F7-4668-BE54-9A1E7A4F7556}") = "NetworkLocator", "NetworkLocator\NetworkLocator.csproj", "{4CFF9D93-55F9-4519-96CD-3F6A81DBA718}"
EndProject
Project("{FAE04EC0-301F-11D3-BF4B-00C04F79EFBC}") = "ServerSignalR", "ServerSignalR\ServerSignalR.csproj", "{DA001481-68BF-4DDA-8512-5100B4AB3B6C}"
EndProject
Global
	GlobalSection(SolutionConfigurationPlatforms) = preSolution
		Debug|Any CPU = Debug|Any CPU
		Release|Any CPU = Release|Any CPU
	EndGlobalSection
	GlobalSection(ProjectConfigurationPlatforms) = postSolution
		{4CFF9D93-55F9-4519-96CD-3F6A81DBA718}.Debug|Any CPU.ActiveCfg = Debug|Any CPU
		{4CFF9D93-55F9-4519-96CD-3F6A81DBA718}.Debug|Any CPU.Build.0 = Debug|Any CPU
		{4CFF9D93-55F9-4519-96CD-3F6A81DBA718}.Release|Any CPU.ActiveCfg = Release|Any CPU
		{4CFF9D93-55F9-4519-96CD-3F6A81DBA718}.Release|Any CPU.Build.0 = Release|Any CPU
		{DA001481-68BF-4DDA-8512-5100B4AB3B6C}.Debug|Any CPU.ActiveCfg = Debug|Any CPU
		{DA001481-68BF-4DDA-8512-5100B4AB3B6C}.Debug|Any CPU.Build.0 = Debug|Any CPU
		{DA001481-68BF-4DDA-8512-5100B4AB3B6C}.Release|Any CPU.ActiveCfg = Release|Any CPU
		{DA001481-68BF-4DDA-8512-5100B4AB3B6C}.Release|Any CPU.Build.0 = Release|Any CPU
	EndGlobalSection
	GlobalSection(SolutionProperties) = preSolution
		HideSolutionNode = FALSE
	EndGlobalSection
	GlobalSection(ExtensibilityGlobals) = postSolution
		SolutionGuid = {A96EF1CC-07F3-4003-99B8-A6DAE0F63064}
	EndGlobalSection
EndGlobal
